// !$*UTF8*$!
{
	archiveVersion = 1;
	classes = {
	};
	objectVersion = 52;
	objects = {

/* Begin PBXBuildFile section */
		E80E8A4F236A1A19003EB2DD /* AppDelegate.swift in Sources */ = {isa = PBXBuildFile; fileRef = E80E8A4E236A1A19003EB2DD /* AppDelegate.swift */; };
		E80E8A51236A1A19003EB2DD /* SceneDelegate.swift in Sources */ = {isa = PBXBuildFile; fileRef = E80E8A50236A1A19003EB2DD /* SceneDelegate.swift */; };
		E80E8A56236A1A19003EB2DD /* Main.storyboard in Resources */ = {isa = PBXBuildFile; fileRef = E80E8A54236A1A19003EB2DD /* Main.storyboard */; };
		E80E8A58236A1A1B003EB2DD /* Assets.xcassets in Resources */ = {isa = PBXBuildFile; fileRef = E80E8A57236A1A1B003EB2DD /* Assets.xcassets */; };
		E80E8A5B236A1A1B003EB2DD /* LaunchScreen.storyboard in Resources */ = {isa = PBXBuildFile; fileRef = E80E8A59236A1A1B003EB2DD /* LaunchScreen.storyboard */; };
/* End PBXBuildFile section */

/* Begin PBXFileReference section */
		E80E8A4B236A1A19003EB2DD /* HouseCall.v.1.0.app */ = {isa = PBXFileReference; explicitFileType = wrapper.application; includeInIndex = 0; path = HouseCall.v.1.0.app; sourceTree = BUILT_PRODUCTS_DIR; };
		E80E8A4E236A1A19003EB2DD /* AppDelegate.swift */ = {isa = PBXFileReference; lastKnownFileType = sourcecode.swift; path = AppDelegate.swift; sourceTree = "<group>"; };
		E80E8A50236A1A19003EB2DD /* SceneDelegate.swift */ = {isa = PBXFileReference; lastKnownFileType = sourcecode.swift; path = SceneDelegate.swift; sourceTree = "<group>"; };
		E80E8A55236A1A19003EB2DD /* Base */ = {isa = PBXFileReference; lastKnownFileType = file.storyboard; name = Base; path = Base.lproj/Main.storyboard; sourceTree = "<group>"; };
		E80E8A57236A1A1B003EB2DD /* Assets.xcassets */ = {isa = PBXFileReference; lastKnownFileType = folder.assetcatalog; path = Assets.xcassets; sourceTree = "<group>"; };
		E80E8A5A236A1A1B003EB2DD /* Base */ = {isa = PBXFileReference; lastKnownFileType = file.storyboard; name = Base; path = Base.lproj/LaunchScreen.storyboard; sourceTree = "<group>"; };
		E80E8A5C236A1A1B003EB2DD /* Info.plist */ = {isa = PBXFileReference; lastKnownFileType = text.plist.xml; path = Info.plist; sourceTree = "<group>"; };
/* End PBXFileReference section */

/* Begin PBXFrameworksBuildPhase section */
		E80E8A48236A1A19003EB2DD /* Frameworks */ = {
			isa = PBXFrameworksBuildPhase;
			buildActionMask = 2147483647;
			files = (
			);
			runOnlyForDeploymentPostprocessing = 0;
		};
/* End PBXFrameworksBuildPhase section */

/* Begin PBXGroup section */
		E80E8A42236A1A19003EB2DD = {
			isa = PBXGroup;
			children = (
				E80E8A4D236A1A19003EB2DD /* HouseCall.v.1.0 */,
				E80E8A4C236A1A19003EB2DD /* Products */,
			);
			sourceTree = "<group>";
		};
		E80E8A4C236A1A19003EB2DD /* Products */ = {
			isa = PBXGroup;
			children = (
				E80E8A4B236A1A19003EB2DD /* HouseCall.v.1.0.app */,
			);
			name = Products;
			sourceTree = "<group>";
		};
		E80E8A4D236A1A19003EB2DD /* HouseCall.v.1.0 */ = {
			isa = PBXGroup;
			children = (
				E80E8A68236A1A5C003EB2DD /* UI */,
				E80E8A67236A1A56003EB2DD /* ModelViewControllers */,
				E80E8A66236A1A50003EB2DD /* ModelControllers */,
				E80E8A65236A1A4B003EB2DD /* Networking */,
				E80E8A64236A1A46003EB2DD /* Models */,
				E80E8A63236A1A41003EB2DD /* HelperFiles */,
				E80E8A62236A1A3D003EB2DD /* Resources */,
			);
			path = HouseCall.v.1.0;
			sourceTree = "<group>";
		};
		E80E8A62236A1A3D003EB2DD /* Resources */ = {
			isa = PBXGroup;
			children = (
				E80E8A4E236A1A19003EB2DD /* AppDelegate.swift */,
				E80E8A50236A1A19003EB2DD /* SceneDelegate.swift */,
				E80E8A57236A1A1B003EB2DD /* Assets.xcassets */,
				E80E8A5C236A1A1B003EB2DD /* Info.plist */,
			);
			path = Resources;
			sourceTree = "<group>";
		};
		E80E8A63236A1A41003EB2DD /* HelperFiles */ = {
			isa = PBXGroup;
			children = (
			);
			path = HelperFiles;
			sourceTree = "<group>";
		};
		E80E8A64236A1A46003EB2DD /* Models */ = {
			isa = PBXGroup;
			children = (
			);
			path = Models;
			sourceTree = "<group>";
		};
		E80E8A65236A1A4B003EB2DD /* Networking */ = {
			isa = PBXGroup;
			children = (
			);
			path = Networking;
			sourceTree = "<group>";
		};
		E80E8A66236A1A50003EB2DD /* ModelControllers */ = {
			isa = PBXGroup;
			children = (
			);
			path = ModelControllers;
			sourceTree = "<group>";
		};
		E80E8A67236A1A56003EB2DD /* ModelViewControllers */ = {
			isa = PBXGroup;
			children = (
				E80E8A6C236A1A6C003EB2DD /* Controllers */,
				E80E8A6B236A1A68003EB2DD /* CustomCells */,
			);
			path = ModelViewControllers;
			sourceTree = "<group>";
		};
		E80E8A68236A1A5C003EB2DD /* UI */ = {
			isa = PBXGroup;
			children = (
				E80E8A6A236A1A64003EB2DD /* XIBs */,
				E80E8A69236A1A60003EB2DD /* Storyboards */,
			);
			path = UI;
			sourceTree = "<group>";
		};
		E80E8A69236A1A60003EB2DD /* Storyboards */ = {
			isa = PBXGroup;
			children = (
				E80E8A54236A1A19003EB2DD /* Main.storyboard */,
				E80E8A59236A1A1B003EB2DD /* LaunchScreen.storyboard */,
			);
			path = Storyboards;
			sourceTree = "<group>";
		};
		E80E8A6A236A1A64003EB2DD /* XIBs */ = {
			isa = PBXGroup;
			children = (
			);
			path = XIBs;
			sourceTree = "<group>";
		};
		E80E8A6B236A1A68003EB2DD /* CustomCells */ = {
			isa = PBXGroup;
			children = (
			);
			path = CustomCells;
			sourceTree = "<group>";
		};
		E80E8A6C236A1A6C003EB2DD /* Controllers */ = {
			isa = PBXGroup;
			children = (
			);
			path = Controllers;
			sourceTree = "<group>";
		};
/* End PBXGroup section */

/* Begin PBXNativeTarget section */
		E80E8A4A236A1A19003EB2DD /* HouseCall.v.1.0 */ = {
			isa = PBXNativeTarget;
			buildConfigurationList = E80E8A5F236A1A1B003EB2DD /* Build configuration list for PBXNativeTarget "HouseCall.v.1.0" */;
			buildPhases = (
				E80E8A47236A1A19003EB2DD /* Sources */,
				E80E8A48236A1A19003EB2DD /* Frameworks */,
				E80E8A49236A1A19003EB2DD /* Resources */,
			);
			buildRules = (
			);
			dependencies = (
			);
			name = HouseCall.v.1.0;
			productName = HouseCall.v.1.0;
			productReference = E80E8A4B236A1A19003EB2DD /* HouseCall.v.1.0.app */;
			productType = "com.apple.product-type.application";
		};
/* End PBXNativeTarget section */

/* Begin PBXProject section */
		E80E8A43236A1A19003EB2DD /* Project object */ = {
			isa = PBXProject;
			attributes = {
				LastSwiftUpdateCheck = 1100;
				LastUpgradeCheck = 1100;
				ORGANIZATIONNAME = JesseRae;
				TargetAttributes = {
					E80E8A4A236A1A19003EB2DD = {
						CreatedOnToolsVersion = 11.0;
					};
				};
			};
			buildConfigurationList = E80E8A46236A1A19003EB2DD /* Build configuration list for PBXProject "HouseCall.v.1.0" */;
			compatibilityVersion = "Xcode 11.0";
			developmentRegion = en;
			hasScannedForEncodings = 0;
			knownRegions = (
				en,
				Base,
			);
			mainGroup = E80E8A42236A1A19003EB2DD;
			productRefGroup = E80E8A4C236A1A19003EB2DD /* Products */;
			projectDirPath = "";
			projectRoot = "";
			targets = (
				E80E8A4A236A1A19003EB2DD /* HouseCall.v.1.0 */,
			);
		};
/* End PBXProject section */

/* Begin PBXResourcesBuildPhase section */
		E80E8A49236A1A19003EB2DD /* Resources */ = {
			isa = PBXResourcesBuildPhase;
			buildActionMask = 2147483647;
			files = (
				E80E8A5B236A1A1B003EB2DD /* LaunchScreen.storyboard in Resources */,
				E80E8A58236A1A1B003EB2DD /* Assets.xcassets in Resources */,
				E80E8A56236A1A19003EB2DD /* Main.storyboard in Resources */,
			);
			runOnlyForDeploymentPostprocessing = 0;
		};
/* End PBXResourcesBuildPhase section */

/* Begin PBXSourcesBuildPhase section */
		E80E8A47236A1A19003EB2DD /* Sources */ = {
			isa = PBXSourcesBuildPhase;
			buildActionMask = 2147483647;
			files = (
				E80E8A4F236A1A19003EB2DD /* AppDelegate.swift in Sources */,
				E80E8A51236A1A19003EB2DD /* SceneDelegate.swift in Sources */,
			);
			runOnlyForDeploymentPostprocessing = 0;
		};
/* End PBXSourcesBuildPhase section */

/* Begin PBXVariantGroup section */
		E80E8A54236A1A19003EB2DD /* Main.storyboard */ = {
			isa = PBXVariantGroup;
			children = (
				E80E8A55236A1A19003EB2DD /* Base */,
			);
			name = Main.storyboard;
			sourceTree = "<group>";
		};
		E80E8A59236A1A1B003EB2DD /* LaunchScreen.storyboard */ = {
			isa = PBXVariantGroup;
			children = (
				E80E8A5A236A1A1B003EB2DD /* Base */,
			);
			name = LaunchScreen.storyboard;
			sourceTree = "<group>";
		};
/* End PBXVariantGroup section */

/* Begin XCBuildConfiguration section */
		E80E8A5D236A1A1B003EB2DD /* Debug */ = {
			isa = XCBuildConfiguration;
			buildSettings = {
				ALWAYS_SEARCH_USER_PATHS = NO;
				CLANG_ANALYZER_NONNULL = YES;
				CLANG_ANALYZER_NUMBER_OBJECT_CONVERSION = YES_AGGRESSIVE;
				CLANG_CXX_LANGUAGE_STANDARD = "gnu++14";
				CLANG_CXX_LIBRARY = "libc++";
				CLANG_ENABLE_MODULES = YES;
				CLANG_ENABLE_OBJC_ARC = YES;
				CLANG_ENABLE_OBJC_WEAK = YES;
				CLANG_WARN_BLOCK_CAPTURE_AUTORELEASING = YES;
				CLANG_WARN_BOOL_CONVERSION = YES;
				CLANG_WARN_COMMA = YES;
				CLANG_WARN_CONSTANT_CONVERSION = YES;
				CLANG_WARN_DEPRECATED_OBJC_IMPLEMENTATIONS = YES;
				CLANG_WARN_DIRECT_OBJC_ISA_USAGE = YES_ERROR;
				CLANG_WARN_DOCUMENTATION_COMMENTS = YES;
				CLANG_WARN_EMPTY_BODY = YES;
				CLANG_WARN_ENUM_CONVERSION = YES;
				CLANG_WARN_INFINITE_RECURSION = YES;
				CLANG_WARN_INT_CONVERSION = YES;
				CLANG_WARN_NON_LITERAL_NULL_CONVERSION = YES;
				CLANG_WARN_OBJC_IMPLICIT_RETAIN_SELF = YES;
				CLANG_WARN_OBJC_LITERAL_CONVERSION = YES;
				CLANG_WARN_OBJC_ROOT_CLASS = YES_ERROR;
				CLANG_WARN_RANGE_LOOP_ANALYSIS = YES;
				CLANG_WARN_STRICT_PROTOTYPES = YES;
				CLANG_WARN_SUSPICIOUS_MOVE = YES;
				CLANG_WARN_UNGUARDED_AVAILABILITY = YES_AGGRESSIVE;
				CLANG_WARN_UNREACHABLE_CODE = YES;
				CLANG_WARN__DUPLICATE_METHOD_MATCH = YES;
				COPY_PHASE_STRIP = NO;
				DEBUG_INFORMATION_FORMAT = dwarf;
				ENABLE_STRICT_OBJC_MSGSEND = YES;
				ENABLE_TESTABILITY = YES;
				GCC_C_LANGUAGE_STANDARD = gnu11;
				GCC_DYNAMIC_NO_PIC = NO;
				GCC_NO_COMMON_BLOCKS = YES;
				GCC_OPTIMIZATION_LEVEL = 0;
				GCC_PREPROCESSOR_DEFINITIONS = (
					"DEBUG=1",
					"$(inherited)",
				);
				GCC_WARN_64_TO_32_BIT_CONVERSION = YES;
				GCC_WARN_ABOUT_RETURN_TYPE = YES_ERROR;
				GCC_WARN_UNDECLARED_SELECTOR = YES;
				GCC_WARN_UNINITIALIZED_AUTOS = YES_AGGRESSIVE;
				GCC_WARN_UNUSED_FUNCTION = YES;
				GCC_WARN_UNUSED_VARIABLE = YES;
				IPHONEOS_DEPLOYMENT_TARGET = 13.0;
				MTL_ENABLE_DEBUG_INFO = INCLUDE_SOURCE;
				MTL_FAST_MATH = YES;
				ONLY_ACTIVE_ARCH = YES;
				SDKROOT = iphoneos;
				SWIFT_ACTIVE_COMPILATION_CONDITIONS = DEBUG;
				SWIFT_OPTIMIZATION_LEVEL = "-Onone";
			};
			name = Debug;
		};
		E80E8A5E236A1A1B003EB2DD /* Release */ = {
			isa = XCBuildConfiguration;
			buildSettings = {
				ALWAYS_SEARCH_USER_PATHS = NO;
				CLANG_ANALYZER_NONNULL = YES;
				CLANG_ANALYZER_NUMBER_OBJECT_CONVERSION = YES_AGGRESSIVE;
				CLANG_CXX_LANGUAGE_STANDARD = "gnu++14";
				CLANG_CXX_LIBRARY = "libc++";
				CLANG_ENABLE_MODULES = YES;
				CLANG_ENABLE_OBJC_ARC = YES;
				CLANG_ENABLE_OBJC_WEAK = YES;
				CLANG_WARN_BLOCK_CAPTURE_AUTORELEASING = YES;
				CLANG_WARN_BOOL_CONVERSION = YES;
				CLANG_WARN_COMMA = YES;
				CLANG_WARN_CONSTANT_CONVERSION = YES;
				CLANG_WARN_DEPRECATED_OBJC_IMPLEMENTATIONS = YES;
				CLANG_WARN_DIRECT_OBJC_ISA_USAGE = YES_ERROR;
				CLANG_WARN_DOCUMENTATION_COMMENTS = YES;
				CLANG_WARN_EMPTY_BODY = YES;
				CLANG_WARN_ENUM_CONVERSION = YES;
				CLANG_WARN_INFINITE_RECURSION = YES;
				CLANG_WARN_INT_CONVERSION = YES;
				CLANG_WARN_NON_LITERAL_NULL_CONVERSION = YES;
				CLANG_WARN_OBJC_IMPLICIT_RETAIN_SELF = YES;
				CLANG_WARN_OBJC_LITERAL_CONVERSION = YES;
				CLANG_WARN_OBJC_ROOT_CLASS = YES_ERROR;
				CLANG_WARN_RANGE_LOOP_ANALYSIS = YES;
				CLANG_WARN_STRICT_PROTOTYPES = YES;
				CLANG_WARN_SUSPICIOUS_MOVE = YES;
				CLANG_WARN_UNGUARDED_AVAILABILITY = YES_AGGRESSIVE;
				CLANG_WARN_UNREACHABLE_CODE = YES;
				CLANG_WARN__DUPLICATE_METHOD_MATCH = YES;
				COPY_PHASE_STRIP = NO;
				DEBUG_INFORMATION_FORMAT = "dwarf-with-dsym";
				ENABLE_NS_ASSERTIONS = NO;
				ENABLE_STRICT_OBJC_MSGSEND = YES;
				GCC_C_LANGUAGE_STANDARD = gnu11;
				GCC_NO_COMMON_BLOCKS = YES;
				GCC_WARN_64_TO_32_BIT_CONVERSION = YES;
				GCC_WARN_ABOUT_RETURN_TYPE = YES_ERROR;
				GCC_WARN_UNDECLARED_SELECTOR = YES;
				GCC_WARN_UNINITIALIZED_AUTOS = YES_AGGRESSIVE;
				GCC_WARN_UNUSED_FUNCTION = YES;
				GCC_WARN_UNUSED_VARIABLE = YES;
				IPHONEOS_DEPLOYMENT_TARGET = 13.0;
				MTL_ENABLE_DEBUG_INFO = NO;
				MTL_FAST_MATH = YES;
				SDKROOT = iphoneos;
				SWIFT_COMPILATION_MODE = wholemodule;
				SWIFT_OPTIMIZATION_LEVEL = "-O";
				VALIDATE_PRODUCT = YES;
			};
			name = Release;
		};
		E80E8A60236A1A1B003EB2DD /* Debug */ = {
			isa = XCBuildConfiguration;
			buildSettings = {
				ASSETCATALOG_COMPILER_APPICON_NAME = AppIcon;
				CODE_SIGN_STYLE = Automatic;
				DEVELOPMENT_TEAM = J27FYKQAGV;
				INFOPLIST_FILE = "$(SRCROOT)/HouseCall.v.1.0/Resources/Info.plist";
				LD_RUNPATH_SEARCH_PATHS = (
					"$(inherited)",
					"@executable_path/Frameworks",
				);
				PRODUCT_BUNDLE_IDENTIFIER = "com.JesseRaeCacanindin.HouseCall-v-1-0";
				PRODUCT_NAME = "$(TARGET_NAME)";
				SWIFT_VERSION = 5.0;
				TARGETED_DEVICE_FAMILY = "1,2";
			};
			name = Debug;
		};
		E80E8A61236A1A1B003EB2DD /* Release */ = {
			isa = XCBuildConfiguration;
			buildSettings = {
				ASSETCATALOG_COMPILER_APPICON_NAME = AppIcon;
				CODE_SIGN_STYLE = Automatic;
				DEVELOPMENT_TEAM = J27FYKQAGV;
				INFOPLIST_FILE = "$(SRCROOT)/HouseCall.v.1.0/Resources/Info.plist";
				LD_RUNPATH_SEARCH_PATHS = (
					"$(inherited)",
					"@executable_path/Frameworks",
				);
				PRODUCT_BUNDLE_IDENTIFIER = "com.JesseRaeCacanindin.HouseCall-v-1-0";
				PRODUCT_NAME = "$(TARGET_NAME)";
				SWIFT_VERSION = 5.0;
				TARGETED_DEVICE_FAMILY = "1,2";
			};
			name = Release;
		};
/* End XCBuildConfiguration section */

/* Begin XCConfigurationList section */
		E80E8A46236A1A19003EB2DD /* Build configuration list for PBXProject "HouseCall.v.1.0" */ = {
			isa = XCConfigurationList;
			buildConfigurations = (
				E80E8A5D236A1A1B003EB2DD /* Debug */,
				E80E8A5E236A1A1B003EB2DD /* Release */,
			);
			defaultConfigurationIsVisible = 0;
			defaultConfigurationName = Release;
		};
		E80E8A5F236A1A1B003EB2DD /* Build configuration list for PBXNativeTarget "HouseCall.v.1.0" */ = {
			isa = XCConfigurationList;
			buildConfigurations = (
				E80E8A60236A1A1B003EB2DD /* Debug */,
				E80E8A61236A1A1B003EB2DD /* Release */,
			);
			defaultConfigurationIsVisible = 0;
			defaultConfigurationName = Release;
		};
/* End XCConfigurationList section */
	};
	rootObject = E80E8A43236A1A19003EB2DD /* Project object */;
}
